
Microsoft Visual Studio Solution File, Format Version 12.00
# Visual Studio 15
VisualStudioVersion = 15.0.26124.0
MinimumVisualStudioVersion = 15.0.26124.0
Project("{FAE04EC0-301F-11D3-BF4B-00C04F79EFBC}") = "imovie.Common", "imovie.Common\imovie.Common.csproj", "{AA0B4F75-22DE-4E28-8280-EBFD36D952E6}"
EndProject
Project("{FAE04EC0-301F-11D3-BF4B-00C04F79EFBC}") = "imovie.Models", "imovie.Models\imovie.Models.csproj", "{C42BEA4B-2E4E-4DB8-9A80-9C6AB7F2FDCD}"
EndProject
Project("{FAE04EC0-301F-11D3-BF4B-00C04F79EFBC}") = "imovie.BLL", "imovie.BLL\imovie.BLL.csproj", "{C7F16A27-BE0E-4CF3-8117-7CD66B9BDAC0}"
EndProject
Project("{FAE04EC0-301F-11D3-BF4B-00C04F79EFBC}") = "imovie.IBLL", "imovie.IBLL\imovie.IBLL.csproj", "{C2587575-EB53-4050-9A5E-3EE7D41EC463}"
EndProject
Project("{FAE04EC0-301F-11D3-BF4B-00C04F79EFBC}") = "imovie.DAL", "imovie.DAL\imovie.DAL.csproj", "{2B83BAB2-D65F-4C4B-B9EB-999CF1C0CEDB}"
EndProject
Project("{FAE04EC0-301F-11D3-BF4B-00C04F79EFBC}") = "imovie.IDAL", "imovie.IDAL\imovie.IDAL.csproj", "{3E71E262-A2EE-4BD7-A7F3-AE8A29DD001D}"
EndProject
Project("{FAE04EC0-301F-11D3-BF4B-00C04F79EFBC}") = "imovie.Spring", "imovie.Spring\imovie.Spring.csproj", "{5688C2FE-6A91-4401-8C6D-387D06E0AD7D}"
EndProject
Project("{FAE04EC0-301F-11D3-BF4B-00C04F79EFBC}") = "imovie.Appweb", "imovie.Appweb\imovie.Appweb.csproj", "{631ED678-91EB-4BD6-885C-F54F8AB03FB9}"
EndProject
Project("{FAE04EC0-301F-11D3-BF4B-00C04F79EFBC}") = "imovie.Web", "imovie.Web\imovie.Web.csproj", "{769AE12F-C0B0-4D8E-B852-E937A6389754}"
EndProject
Global
	GlobalSection(SolutionConfigurationPlatforms) = preSolution
		Debug|Any CPU = Debug|Any CPU
		Debug|x64 = Debug|x64
		Debug|x86 = Debug|x86
		Release|Any CPU = Release|Any CPU
		Release|x64 = Release|x64
		Release|x86 = Release|x86
	EndGlobalSection
	GlobalSection(SolutionProperties) = preSolution
		HideSolutionNode = FALSE
	EndGlobalSection
	GlobalSection(ProjectConfigurationPlatforms) = postSolution
		{AA0B4F75-22DE-4E28-8280-EBFD36D952E6}.Debug|Any CPU.ActiveCfg = Debug|Any CPU
		{AA0B4F75-22DE-4E28-8280-EBFD36D952E6}.Debug|Any CPU.Build.0 = Debug|Any CPU
		{AA0B4F75-22DE-4E28-8280-EBFD36D952E6}.Debug|x64.ActiveCfg = Debug|Any CPU
		{AA0B4F75-22DE-4E28-8280-EBFD36D952E6}.Debug|x64.Build.0 = Debug|Any CPU
		{AA0B4F75-22DE-4E28-8280-EBFD36D952E6}.Debug|x86.ActiveCfg = Debug|Any CPU
		{AA0B4F75-22DE-4E28-8280-EBFD36D952E6}.Debug|x86.Build.0 = Debug|Any CPU
		{AA0B4F75-22DE-4E28-8280-EBFD36D952E6}.Release|Any CPU.ActiveCfg = Release|Any CPU
		{AA0B4F75-22DE-4E28-8280-EBFD36D952E6}.Release|Any CPU.Build.0 = Release|Any CPU
		{AA0B4F75-22DE-4E28-8280-EBFD36D952E6}.Release|x64.ActiveCfg = Release|Any CPU
		{AA0B4F75-22DE-4E28-8280-EBFD36D952E6}.Release|x64.Build.0 = Release|Any CPU
		{AA0B4F75-22DE-4E28-8280-EBFD36D952E6}.Release|x86.ActiveCfg = Release|Any CPU
		{AA0B4F75-22DE-4E28-8280-EBFD36D952E6}.Release|x86.Build.0 = Release|Any CPU
		{C42BEA4B-2E4E-4DB8-9A80-9C6AB7F2FDCD}.Debug|Any CPU.ActiveCfg = Debug|Any CPU
		{C42BEA4B-2E4E-4DB8-9A80-9C6AB7F2FDCD}.Debug|Any CPU.Build.0 = Debug|Any CPU
		{C42BEA4B-2E4E-4DB8-9A80-9C6AB7F2FDCD}.Debug|x64.ActiveCfg = Debug|Any CPU
		{C42BEA4B-2E4E-4DB8-9A80-9C6AB7F2FDCD}.Debug|x64.Build.0 = Debug|Any CPU
		{C42BEA4B-2E4E-4DB8-9A80-9C6AB7F2FDCD}.Debug|x86.ActiveCfg = Debug|Any CPU
		{C42BEA4B-2E4E-4DB8-9A80-9C6AB7F2FDCD}.Debug|x86.Build.0 = Debug|Any CPU
		{C42BEA4B-2E4E-4DB8-9A80-9C6AB7F2FDCD}.Release|Any CPU.ActiveCfg = Release|Any CPU
		{C42BEA4B-2E4E-4DB8-9A80-9C6AB7F2FDCD}.Release|Any CPU.Build.0 = Release|Any CPU
		{C42BEA4B-2E4E-4DB8-9A80-9C6AB7F2FDCD}.Release|x64.ActiveCfg = Release|Any CPU
		{C42BEA4B-2E4E-4DB8-9A80-9C6AB7F2FDCD}.Release|x64.Build.0 = Release|Any CPU
		{C42BEA4B-2E4E-4DB8-9A80-9C6AB7F2FDCD}.Release|x86.ActiveCfg = Release|Any CPU
		{C42BEA4B-2E4E-4DB8-9A80-9C6AB7F2FDCD}.Release|x86.Build.0 = Release|Any CPU
		{C7F16A27-BE0E-4CF3-8117-7CD66B9BDAC0}.Debug|Any CPU.ActiveCfg = Debug|Any CPU
		{C7F16A27-BE0E-4CF3-8117-7CD66B9BDAC0}.Debug|Any CPU.Build.0 = Debug|Any CPU
		{C7F16A27-BE0E-4CF3-8117-7CD66B9BDAC0}.Debug|x64.ActiveCfg = Debug|Any CPU
		{C7F16A27-BE0E-4CF3-8117-7CD66B9BDAC0}.Debug|x64.Build.0 = Debug|Any CPU
		{C7F16A27-BE0E-4CF3-8117-7CD66B9BDAC0}.Debug|x86.ActiveCfg = Debug|Any CPU
		{C7F16A27-BE0E-4CF3-8117-7CD66B9BDAC0}.Debug|x86.Build.0 = Debug|Any CPU
		{C7F16A27-BE0E-4CF3-8117-7CD66B9BDAC0}.Release|Any CPU.ActiveCfg = Release|Any CPU
		{C7F16A27-BE0E-4CF3-8117-7CD66B9BDAC0}.Release|Any CPU.Build.0 = Release|Any CPU
		{C7F16A27-BE0E-4CF3-8117-7CD66B9BDAC0}.Release|x64.ActiveCfg = Release|Any CPU
		{C7F16A27-BE0E-4CF3-8117-7CD66B9BDAC0}.Release|x64.Build.0 = Release|Any CPU
		{C7F16A27-BE0E-4CF3-8117-7CD66B9BDAC0}.Release|x86.ActiveCfg = Release|Any CPU
		{C7F16A27-BE0E-4CF3-8117-7CD66B9BDAC0}.Release|x86.Build.0 = Release|Any CPU
		{C2587575-EB53-4050-9A5E-3EE7D41EC463}.Debug|Any CPU.ActiveCfg = Debug|Any CPU
		{C2587575-EB53-4050-9A5E-3EE7D41EC463}.Debug|Any CPU.Build.0 = Debug|Any CPU
		{C2587575-EB53-4050-9A5E-3EE7D41EC463}.Debug|x64.ActiveCfg = Debug|Any CPU
		{C2587575-EB53-4050-9A5E-3EE7D41EC463}.Debug|x64.Build.0 = Debug|Any CPU
		{C2587575-EB53-4050-9A5E-3EE7D41EC463}.Debug|x86.ActiveCfg = Debug|Any CPU
		{C2587575-EB53-4050-9A5E-3EE7D41EC463}.Debug|x86.Build.0 = Debug|Any CPU
		{C2587575-EB53-4050-9A5E-3EE7D41EC463}.Release|Any CPU.ActiveCfg = Release|Any CPU
		{C2587575-EB53-4050-9A5E-3EE7D41EC463}.Release|Any CPU.Build.0 = Release|Any CPU
		{C2587575-EB53-4050-9A5E-3EE7D41EC463}.Release|x64.ActiveCfg = Release|Any CPU
		{C2587575-EB53-4050-9A5E-3EE7D41EC463}.Release|x64.Build.0 = Release|Any CPU
		{C2587575-EB53-4050-9A5E-3EE7D41EC463}.Release|x86.ActiveCfg = Release|Any CPU
		{C2587575-EB53-4050-9A5E-3EE7D41EC463}.Release|x86.Build.0 = Release|Any CPU
		{2B83BAB2-D65F-4C4B-B9EB-999CF1C0CEDB}.Debug|Any CPU.ActiveCfg = Debug|Any CPU
		{2B83BAB2-D65F-4C4B-B9EB-999CF1C0CEDB}.Debug|Any CPU.Build.0 = Debug|Any CPU
		{2B83BAB2-D65F-4C4B-B9EB-999CF1C0CEDB}.Debug|x64.ActiveCfg = Debug|Any CPU
		{2B83BAB2-D65F-4C4B-B9EB-999CF1C0CEDB}.Debug|x64.Build.0 = Debug|Any CPU
		{2B83BAB2-D65F-4C4B-B9EB-999CF1C0CEDB}.Debug|x86.ActiveCfg = Debug|Any CPU
		{2B83BAB2-D65F-4C4B-B9EB-999CF1C0CEDB}.Debug|x86.Build.0 = Debug|Any CPU
		{2B83BAB2-D65F-4C4B-B9EB-999CF1C0CEDB}.Release|Any CPU.ActiveCfg = Release|Any CPU
		{2B83BAB2-D65F-4C4B-B9EB-999CF1C0CEDB}.Release|Any CPU.Build.0 = Release|Any CPU
		{2B83BAB2-D65F-4C4B-B9EB-999CF1C0CEDB}.Release|x64.ActiveCfg = Release|Any CPU
		{2B83BAB2-D65F-4C4B-B9EB-999CF1C0CEDB}.Release|x64.Build.0 = Release|Any CPU
		{2B83BAB2-D65F-4C4B-B9EB-999CF1C0CEDB}.Release|x86.ActiveCfg = Release|Any CPU
		{2B83BAB2-D65F-4C4B-B9EB-999CF1C0CEDB}.Release|x86.Build.0 = Release|Any CPU
		{3E71E262-A2EE-4BD7-A7F3-AE8A29DD001D}.Debug|Any CPU.ActiveCfg = Debug|Any CPU
		{3E71E262-A2EE-4BD7-A7F3-AE8A29DD001D}.Debug|Any CPU.Build.0 = Debug|Any CPU
		{3E71E262-A2EE-4BD7-A7F3-AE8A29DD001D}.Debug|x64.ActiveCfg = Debug|Any CPU
		{3E71E262-A2EE-4BD7-A7F3-AE8A29DD001D}.Debug|x64.Build.0 = Debug|Any CPU
		{3E71E262-A2EE-4BD7-A7F3-AE8A29DD001D}.Debug|x86.ActiveCfg = Debug|Any CPU
		{3E71E262-A2EE-4BD7-A7F3-AE8A29DD001D}.Debug|x86.Build.0 = Debug|Any CPU
		{3E71E262-A2EE-4BD7-A7F3-AE8A29DD001D}.Release|Any CPU.ActiveCfg = Release|Any CPU
		{3E71E262-A2EE-4BD7-A7F3-AE8A29DD001D}.Release|Any CPU.Build.0 = Release|Any CPU
		{3E71E262-A2EE-4BD7-A7F3-AE8A29DD001D}.Release|x64.ActiveCfg = Release|Any CPU
		{3E71E262-A2EE-4BD7-A7F3-AE8A29DD001D}.Release|x64.Build.0 = Release|Any CPU
		{3E71E262-A2EE-4BD7-A7F3-AE8A29DD001D}.Release|x86.ActiveCfg = Release|Any CPU
		{3E71E262-A2EE-4BD7-A7F3-AE8A29DD001D}.Release|x86.Build.0 = Release|Any CPU
		{5688C2FE-6A91-4401-8C6D-387D06E0AD7D}.Debug|Any CPU.ActiveCfg = Debug|Any CPU
		{5688C2FE-6A91-4401-8C6D-387D06E0AD7D}.Debug|Any CPU.Build.0 = Debug|Any CPU
		{5688C2FE-6A91-4401-8C6D-387D06E0AD7D}.Debug|x64.ActiveCfg = Debug|Any CPU
		{5688C2FE-6A91-4401-8C6D-387D06E0AD7D}.Debug|x64.Build.0 = Debug|Any CPU
		{5688C2FE-6A91-4401-8C6D-387D06E0AD7D}.Debug|x86.ActiveCfg = Debug|Any CPU
		{5688C2FE-6A91-4401-8C6D-387D06E0AD7D}.Debug|x86.Build.0 = Debug|Any CPU
		{5688C2FE-6A91-4401-8C6D-387D06E0AD7D}.Release|Any CPU.ActiveCfg = Release|Any CPU
		{5688C2FE-6A91-4401-8C6D-387D06E0AD7D}.Release|Any CPU.Build.0 = Release|Any CPU
		{5688C2FE-6A91-4401-8C6D-387D06E0AD7D}.Release|x64.ActiveCfg = Release|Any CPU
		{5688C2FE-6A91-4401-8C6D-387D06E0AD7D}.Release|x64.Build.0 = Release|Any CPU
		{5688C2FE-6A91-4401-8C6D-387D06E0AD7D}.Release|x86.ActiveCfg = Release|Any CPU
		{5688C2FE-6A91-4401-8C6D-387D06E0AD7D}.Release|x86.Build.0 = Release|Any CPU
		{631ED678-91EB-4BD6-885C-F54F8AB03FB9}.Debug|Any CPU.ActiveCfg = Debug|Any CPU
		{631ED678-91EB-4BD6-885C-F54F8AB03FB9}.Debug|Any CPU.Build.0 = Debug|Any CPU
		{631ED678-91EB-4BD6-885C-F54F8AB03FB9}.Debug|x64.ActiveCfg = Debug|Any CPU
		{631ED678-91EB-4BD6-885C-F54F8AB03FB9}.Debug|x64.Build.0 = Debug|Any CPU
		{631ED678-91EB-4BD6-885C-F54F8AB03FB9}.Debug|x86.ActiveCfg = Debug|Any CPU
		{631ED678-91EB-4BD6-885C-F54F8AB03FB9}.Debug|x86.Build.0 = Debug|Any CPU
		{631ED678-91EB-4BD6-885C-F54F8AB03FB9}.Release|Any CPU.ActiveCfg = Release|Any CPU
		{631ED678-91EB-4BD6-885C-F54F8AB03FB9}.Release|Any CPU.Build.0 = Release|Any CPU
		{631ED678-91EB-4BD6-885C-F54F8AB03FB9}.Release|x64.ActiveCfg = Release|Any CPU
		{631ED678-91EB-4BD6-885C-F54F8AB03FB9}.Release|x64.Build.0 = Release|Any CPU
		{631ED678-91EB-4BD6-885C-F54F8AB03FB9}.Release|x86.ActiveCfg = Release|Any CPU
		{631ED678-91EB-4BD6-885C-F54F8AB03FB9}.Release|x86.Build.0 = Release|Any CPU
		{769AE12F-C0B0-4D8E-B852-E937A6389754}.Debug|Any CPU.ActiveCfg = Debug|Any CPU
		{769AE12F-C0B0-4D8E-B852-E937A6389754}.Debug|Any CPU.Build.0 = Debug|Any CPU
		{769AE12F-C0B0-4D8E-B852-E937A6389754}.Debug|x64.ActiveCfg = Debug|Any CPU
		{769AE12F-C0B0-4D8E-B852-E937A6389754}.Debug|x64.Build.0 = Debug|Any CPU
		{769AE12F-C0B0-4D8E-B852-E937A6389754}.Debug|x86.ActiveCfg = Debug|Any CPU
		{769AE12F-C0B0-4D8E-B852-E937A6389754}.Debug|x86.Build.0 = Debug|Any CPU
		{769AE12F-C0B0-4D8E-B852-E937A6389754}.Release|Any CPU.ActiveCfg = Release|Any CPU
		{769AE12F-C0B0-4D8E-B852-E937A6389754}.Release|Any CPU.Build.0 = Release|Any CPU
		{769AE12F-C0B0-4D8E-B852-E937A6389754}.Release|x64.ActiveCfg = Release|Any CPU
		{769AE12F-C0B0-4D8E-B852-E937A6389754}.Release|x64.Build.0 = Release|Any CPU
		{769AE12F-C0B0-4D8E-B852-E937A6389754}.Release|x86.ActiveCfg = Release|Any CPU
		{769AE12F-C0B0-4D8E-B852-E937A6389754}.Release|x86.Build.0 = Release|Any CPU
	EndGlobalSection
EndGlobal
